
Microsoft Visual Studio Solution File, Format Version 12.00
# Visual Studio 15
VisualStudioVersion = 15.0.26730.15
MinimumVisualStudioVersion = 10.0.40219.1
Project("{9A19103F-16F7-4668-BE54-9A1E7A4F7556}") = "SportsStore", "SportsStore\SportsStore.csproj", "{30E0115B-5E0C-4CC2-A082-50547448B318}"
EndProject
Project("{FAE04EC0-301F-11D3-BF4B-00C04F79EFBC}") = "SportsStore.Tests", "SportsStore.Tests\SportsStore.Tests.csproj", "{60986EB2-EA6D-4C39-BE04-D63B7849336B}"
EndProject
Global
	GlobalSection(SolutionConfigurationPlatforms) = preSolution
		Debug|Any CPU = Debug|Any CPU
		Release|Any CPU = Release|Any CPU
	EndGlobalSection
	GlobalSection(ProjectConfigurationPlatforms) = postSolution
		{30E0115B-5E0C-4CC2-A082-50547448B318}.Debug|Any CPU.ActiveCfg = Debug|Any CPU
		{30E0115B-5E0C-4CC2-A082-50547448B318}.Debug|Any CPU.Build.0 = Debug|Any CPU
		{30E0115B-5E0C-4CC2-A082-50547448B318}.Release|Any CPU.ActiveCfg = Release|Any CPU
		{30E0115B-5E0C-4CC2-A082-50547448B318}.Release|Any CPU.Build.0 = Release|Any CPU
		{60986EB2-EA6D-4C39-BE04-D63B7849336B}.Debug|Any CPU.ActiveCfg = Debug|Any CPU
		{60986EB2-EA6D-4C39-BE04-D63B7849336B}.Debug|Any CPU.Build.0 = Debug|Any CPU
		{60986EB2-EA6D-4C39-BE04-D63B7849336B}.Release|Any CPU.ActiveCfg = Release|Any CPU
		{60986EB2-EA6D-4C39-BE04-D63B7849336B}.Release|Any CPU.Build.0 = Release|Any CPU
	EndGlobalSection
	GlobalSection(SolutionProperties) = preSolution
		HideSolutionNode = FALSE
	EndGlobalSection
	GlobalSection(ExtensibilityGlobals) = postSolution
		SolutionGuid = {B47DCB59-9796-4296-B6BD-984B7D9AA49B}
	EndGlobalSection
EndGlobal
